
Microsoft Visual Studio Solution File, Format Version 12.00
# Visual Studio Version 17
VisualStudioVersion = 17.4.33103.184
MinimumVisualStudioVersion = 10.0.40219.1
Project("{FAE04EC0-301F-11D3-BF4B-00C04F79EFBC}") = "HOME", "HOME.csproj", "{7598645B-57E0-490D-818B-629A38DCC040}"
EndProject
Global
	GlobalSection(SolutionConfigurationPlatforms) = preSolution
		Debug|Any CPU = Debug|Any CPU
		Release|Any CPU = Release|Any CPU
	EndGlobalSection
	GlobalSection(ProjectConfigurationPlatforms) = postSolution
		{7598645B-57E0-490D-818B-629A38DCC040}.Debug|Any CPU.ActiveCfg = Debug|Any CPU
		{7598645B-57E0-490D-818B-629A38DCC040}.Debug|Any CPU.Build.0 = Debug|Any CPU
		{7598645B-57E0-490D-818B-629A38DCC040}.Release|Any CPU.ActiveCfg = Release|Any CPU
		{7598645B-57E0-490D-818B-629A38DCC040}.Release|Any CPU.Build.0 = Release|Any CPU
	EndGlobalSection
	GlobalSection(SolutionProperties) = preSolution
		HideSolutionNode = FALSE
	EndGlobalSection
	GlobalSection(ExtensibilityGlobals) = postSolution
		SolutionGuid = {D858D746-3704-4D8D-9CE2-76E6A2B37BE3}
	EndGlobalSection
EndGlobal
